
Microsoft Visual Studio Solution File, Format Version 12.00
# Visual Studio 2012
Project("{FAE04EC0-301F-11D3-BF4B-00C04F79EFBC}") = "DataStructures", "DataStructures\DataStructures.csproj", "{0525D6A1-52C2-47B0-91F7-DE83F3C5C9CD}"
EndProject
Global
	GlobalSection(SolutionConfigurationPlatforms) = preSolution
		Debug|Any CPU = Debug|Any CPU
		Release|Any CPU = Release|Any CPU
	EndGlobalSection
	GlobalSection(ProjectConfigurationPlatforms) = postSolution
		{0525D6A1-52C2-47B0-91F7-DE83F3C5C9CD}.Debug|Any CPU.ActiveCfg = Debug|Any CPU
		{0525D6A1-52C2-47B0-91F7-DE83F3C5C9CD}.Debug|Any CPU.Build.0 = Debug|Any CPU
		{0525D6A1-52C2-47B0-91F7-DE83F3C5C9CD}.Release|Any CPU.ActiveCfg = Release|Any CPU
		{0525D6A1-52C2-47B0-91F7-DE83F3C5C9CD}.Release|Any CPU.Build.0 = Release|Any CPU
	EndGlobalSection
EndGlobal
